<?xml version="1.0" encoding="utf-8"?>
<Project ToolsVersion="4.0" xmlns="http://schemas.microsoft.com/developer/msbuild/2003">
  <ItemGroup>
    <Filter Include="tests">
      <UniqueIdentifier>{e924c833-31d6-4c9a-90d9-90642b02c267}</UniqueIdentifier>
    </Filter>
  </ItemGroup>
  <ItemGroup>
    <ClCompile Include="main.cpp" />
    <ClCompile Include="tests\at_exit_manager_unittest.cpp">
      <Filter>tests</Filter>
    </ClCompile>
    <ClCompile Include="tests\auto_reset_unittest.cpp">
      <Filter>tests</Filter>
    </ClCompile>
    <ClCompile Include="tests\base64_unittest.cpp">
      <Filter>tests</Filter>
    </ClCompile>
    <ClCompile Include="tests\chrono_util_unittest.cpp">
      <Filter>tests</Filter>
    </ClCompile>
    <ClCompile Include="tests\command_line_unittest.cpp">
      <Filter>tests</Filter>
    </ClCompile>
    <ClCompile Include="tests\debugger_unittest.cpp">
      <Filter>tests</Filter>
    </ClCompile>
    <ClCompile Include="tests\enum_ops_unittest.cpp">
      <Filter>tests</Filter>
    </ClCompile>
    <ClCompile Include="tests\environment_unittest.cpp">
      <Filter>tests</Filter>
    </ClCompile>
    <ClCompile Include="tests\error_exception_util_unittest.cpp">
      <Filter>tests</Filter>
    </ClCompile>
    <ClCompile Include="tests\file_iterator_unittest.cpp">
      <Filter>tests</Filter>
    </ClCompile>
    <ClCompile Include="tests\file_util_unittest.cpp">
      <Filter>tests</Filter>
    </ClCompile>
    <ClCompile Include="tests\file_version_info_unittest.cpp">
      <Filter>tests</Filter>
    </ClCompile>
    <ClCompile Include="tests\guid_unittest.cpp">
      <Filter>tests</Filter>
    </ClCompile>
    <ClCompile Include="tests\lazy_unittest.cpp">
      <Filter>tests</Filter>
    </ClCompile>
    <ClCompile Include="tests\logging_unittest.cpp">
      <Filter>tests</Filter>
    </ClCompile>
    <ClCompile Include="tests\lru_cache_unittest.cpp">
      <Filter>tests</Filter>
    </ClCompile>
    <ClCompile Include="tests\md5_unittest.cpp">
      <Filter>tests</Filter>
    </ClCompile>
    <ClCompile Include="tests\minidump_unittest.cpp">
      <Filter>tests</Filter>
    </ClCompile>
    <ClCompile Include="tests\os_info_unittest.cpp">
      <Filter>tests</Filter>
    </ClCompile>
    <ClCompile Include="tests\path_service_unittest.cpp">
      <Filter>tests</Filter>
    </ClCompile>
    <ClCompile Include="tests\path_unittest.cpp">
      <Filter>tests</Filter>
    </ClCompile>
    <ClCompile Include="tests\pickle_unittest.cpp">
      <Filter>tests</Filter>
    </ClCompile>
    <ClCompile Include="tests\registry_unittest.cpp">
      <Filter>tests</Filter>
    </ClCompile>
    <ClCompile Include="tests\scope_guard_unittest.cpp">
      <Filter>tests</Filter>
    </ClCompile>
    <ClCompile Include="tests\scoped_handle_unittest.cpp">
      <Filter>tests</Filter>
    </ClCompile>
    <ClCompile Include="tests\signals_unittest.cpp">
      <Filter>tests</Filter>
    </ClCompile>
    <ClCompile Include="tests\singleton_unittest.cpp">
      <Filter>tests</Filter>
    </ClCompile>
    <ClCompile Include="tests\stack_walker_unittest.cpp">
      <Filter>tests</Filter>
    </ClCompile>
    <ClCompile Include="tests\string_encoding_conversions_unittest.cpp">
      <Filter>tests</Filter>
    </ClCompile>
    <ClCompile Include="tests\string_format_unittest.cpp">
      <Filter>tests</Filter>
    </ClCompile>
    <ClCompile Include="tests\string_util_unittest.cpp">
      <Filter>tests</Filter>
    </ClCompile>
    <ClCompile Include="tests\string_view_unittest.cpp">
      <Filter>tests</Filter>
    </ClCompile>
    <ClCompile Include="tests\tokenizer_unittest.cpp">
      <Filter>tests</Filter>
    </ClCompile>
  </ItemGroup>
</Project>