<?xml version="1.0" encoding="utf-8"?>
<Project ToolsVersion="4.0" xmlns="http://schemas.microsoft.com/developer/msbuild/2003">
  <ItemGroup>
    <Filter Include="Resource Files">
      <UniqueIdentifier>{67DA6AB6-F800-4c08-8B7A-83BB121AAD01}</UniqueIdentifier>
      <Extensions>rc;ico;cur;bmp;dlg;rc2;rct;bin;rgs;gif;jpg;jpeg;jpe;resx;tiff;tif;png;wav</Extensions>
    </Filter>
    <Filter Include="strings">
      <UniqueIdentifier>{f2d9cb75-3a3d-4794-8139-2c56f4366ae3}</UniqueIdentifier>
    </Filter>
  </ItemGroup>
  <ItemGroup>
    <ClCompile Include="main.cpp" />
    <ClCompile Include="kbase\at_exit_manager.cpp" />
    <ClCompile Include="kbase\logging.cpp" />
    <ClCompile Include="kbase\strings\string_format.cpp">
      <Filter>strings</Filter>
    </ClCompile>
    <ClCompile Include="kbase\strings\string_piece.cpp">
      <Filter>strings</Filter>
    </ClCompile>
    <ClCompile Include="kbase\strings\string_util.cpp">
      <Filter>strings</Filter>
    </ClCompile>
    <ClCompile Include="kbase\strings\sys_string_encoding_conversions.cpp">
      <Filter>strings</Filter>
    </ClCompile>
    <ClCompile Include="kbase\pickle.cpp" />
  </ItemGroup>
  <ItemGroup>
    <ClInclude Include="kbase\at_exit_manager.h" />
    <ClInclude Include="kbase\auto_reset.h" />
    <ClInclude Include="kbase\logging.h" />
    <ClInclude Include="kbase\scope_guard.h" />
    <ClInclude Include="kbase\strings\string_format.h">
      <Filter>strings</Filter>
    </ClInclude>
    <ClInclude Include="kbase\strings\string_piece.h">
      <Filter>strings</Filter>
    </ClInclude>
    <ClInclude Include="kbase\strings\string_util.h">
      <Filter>strings</Filter>
    </ClInclude>
    <ClInclude Include="kbase\strings\sys_string_encoding_conversions.h">
      <Filter>strings</Filter>
    </ClInclude>
    <ClInclude Include="kbase\pickle.h" />
  </ItemGroup>
  <ItemGroup>
    <None Include="README.md" />
  </ItemGroup>
</Project>