
Microsoft Visual Studio Solution File, Format Version 12.00
# Visual Studio 2013
VisualStudioVersion = 12.0.30501.0
MinimumVisualStudioVersion = 10.0.40219.1
Project("{8BC9CEB8-8B4A-11D0-8D11-00A0C91BC942}") = "KBase_Demo", "KBase_Demo.vcxproj", "{09A7A9C8-4AE9-4606-8104-9100C4C910DF}"
EndProject
Project("{8BC9CEB8-8B4A-11D0-8D11-00A0C91BC942}") = "KBase_Test", "KBase_Test\KBase_Test.vcxproj", "{5BA05C2A-5604-4326-BCDB-CC443D8806B9}"
EndProject
Global
	GlobalSection(SolutionConfigurationPlatforms) = preSolution
		Debug|Win32 = Debug|Win32
		Release|Win32 = Release|Win32
	EndGlobalSection
	GlobalSection(ProjectConfigurationPlatforms) = postSolution
		{09A7A9C8-4AE9-4606-8104-9100C4C910DF}.Debug|Win32.ActiveCfg = Release|Win32
		{09A7A9C8-4AE9-4606-8104-9100C4C910DF}.Debug|Win32.Build.0 = Release|Win32
		{09A7A9C8-4AE9-4606-8104-9100C4C910DF}.Release|Win32.ActiveCfg = Release|Win32
		{09A7A9C8-4AE9-4606-8104-9100C4C910DF}.Release|Win32.Build.0 = Release|Win32
		{5BA05C2A-5604-4326-BCDB-CC443D8806B9}.Debug|Win32.ActiveCfg = Debug|Win32
		{5BA05C2A-5604-4326-BCDB-CC443D8806B9}.Debug|Win32.Build.0 = Debug|Win32
		{5BA05C2A-5604-4326-BCDB-CC443D8806B9}.Release|Win32.ActiveCfg = Release|Win32
		{5BA05C2A-5604-4326-BCDB-CC443D8806B9}.Release|Win32.Build.0 = Release|Win32
	EndGlobalSection
	GlobalSection(SolutionProperties) = preSolution
		HideSolutionNode = FALSE
	EndGlobalSection
EndGlobal
