<?xml version="1.0" encoding="utf-8"?>
<Project ToolsVersion="4.0" xmlns="http://schemas.microsoft.com/developer/msbuild/2003">
  <ItemGroup>
    <Filter Include="..">
      <UniqueIdentifier>{9fdb534d-5ed5-4093-8171-c4960ec7abda}</UniqueIdentifier>
    </Filter>
    <Filter Include="..\build">
      <UniqueIdentifier>{25133c96-6b1e-4e64-8290-bf2050ef1519}</UniqueIdentifier>
    </Filter>
    <Filter Include="..\build\pch">
      <UniqueIdentifier>{59bb4354-9b52-40a4-8557-e935073983bf}</UniqueIdentifier>
    </Filter>
    <Filter Include="kbase">
      <UniqueIdentifier>{3fc1a955-b1fc-40db-b7f7-fc3b2d2d7840}</UniqueIdentifier>
    </Filter>
  </ItemGroup>
  <ItemGroup>
    <ClCompile Include="kbase\at_exit_manager.cpp">
      <Filter>kbase</Filter>
    </ClCompile>
    <ClCompile Include="kbase\base_path_provider.cpp">
      <Filter>kbase</Filter>
    </ClCompile>
    <ClCompile Include="kbase\base64.cpp">
      <Filter>kbase</Filter>
    </ClCompile>
    <ClCompile Include="kbase\command_line.cpp">
      <Filter>kbase</Filter>
    </ClCompile>
    <ClCompile Include="kbase\date_time.cpp">
      <Filter>kbase</Filter>
    </ClCompile>
    <ClCompile Include="kbase\environment.cpp">
      <Filter>kbase</Filter>
    </ClCompile>
    <ClCompile Include="kbase\error_exception_util.cpp">
      <Filter>kbase</Filter>
    </ClCompile>
    <ClCompile Include="kbase\file_enumerator.cpp">
      <Filter>kbase</Filter>
    </ClCompile>
    <ClCompile Include="kbase\file_util.cpp">
      <Filter>kbase</Filter>
    </ClCompile>
    <ClCompile Include="kbase\file_version_info.cpp">
      <Filter>kbase</Filter>
    </ClCompile>
    <ClCompile Include="kbase\guid.cpp">
      <Filter>kbase</Filter>
    </ClCompile>
    <ClCompile Include="kbase\logging.cpp">
      <Filter>kbase</Filter>
    </ClCompile>
    <ClCompile Include="kbase\md5.cpp">
      <Filter>kbase</Filter>
    </ClCompile>
    <ClCompile Include="kbase\path_service.cpp">
      <Filter>kbase</Filter>
    </ClCompile>
    <ClCompile Include="kbase\pickle.cpp">
      <Filter>kbase</Filter>
    </ClCompile>
    <ClCompile Include="kbase\registry.cpp">
      <Filter>kbase</Filter>
    </ClCompile>
    <ClCompile Include="kbase\sha.cpp">
      <Filter>kbase</Filter>
    </ClCompile>
    <ClCompile Include="kbase\string_format.cpp">
      <Filter>kbase</Filter>
    </ClCompile>
    <ClCompile Include="kbase\string_util.cpp">
      <Filter>kbase</Filter>
    </ClCompile>
    <ClCompile Include="kbase\minidump.cpp">
      <Filter>kbase</Filter>
    </ClCompile>
    <ClCompile Include="kbase\path.cpp">
      <Filter>kbase</Filter>
    </ClCompile>
    <ClCompile Include="kbase\os_info.cpp">
      <Filter>kbase</Filter>
    </ClCompile>
    <ClCompile Include="..\build\pch\precompile.cpp">
      <Filter>..\build\pch</Filter>
    </ClCompile>
    <ClCompile Include="kbase\string_encoding_conversions.cpp">
      <Filter>kbase</Filter>
    </ClCompile>
    <ClCompile Include="kbase\stack_walker_win.cpp">
      <Filter>kbase</Filter>
    </ClCompile>
  </ItemGroup>
  <ItemGroup>
    <ClInclude Include="kbase\at_exit_manager.h">
      <Filter>kbase</Filter>
    </ClInclude>
    <ClInclude Include="kbase\auto_reset.h">
      <Filter>kbase</Filter>
    </ClInclude>
    <ClInclude Include="kbase\base_path_provider.h">
      <Filter>kbase</Filter>
    </ClInclude>
    <ClInclude Include="kbase\base64.h">
      <Filter>kbase</Filter>
    </ClInclude>
    <ClInclude Include="kbase\basic_types.h">
      <Filter>kbase</Filter>
    </ClInclude>
    <ClInclude Include="kbase\command_line.h">
      <Filter>kbase</Filter>
    </ClInclude>
    <ClInclude Include="kbase\date_time.h">
      <Filter>kbase</Filter>
    </ClInclude>
    <ClInclude Include="kbase\environment.h">
      <Filter>kbase</Filter>
    </ClInclude>
    <ClInclude Include="kbase\error_exception_util.h">
      <Filter>kbase</Filter>
    </ClInclude>
    <ClInclude Include="kbase\file_enumerator.h">
      <Filter>kbase</Filter>
    </ClInclude>
    <ClInclude Include="kbase\file_info.h">
      <Filter>kbase</Filter>
    </ClInclude>
    <ClInclude Include="kbase\file_util.h">
      <Filter>kbase</Filter>
    </ClInclude>
    <ClInclude Include="kbase\file_version_info.h">
      <Filter>kbase</Filter>
    </ClInclude>
    <ClInclude Include="kbase\guid.h">
      <Filter>kbase</Filter>
    </ClInclude>
    <ClInclude Include="kbase\lazy.h">
      <Filter>kbase</Filter>
    </ClInclude>
    <ClInclude Include="kbase\logging.h">
      <Filter>kbase</Filter>
    </ClInclude>
    <ClInclude Include="kbase\lru_cache.h">
      <Filter>kbase</Filter>
    </ClInclude>
    <ClInclude Include="kbase\md5.h">
      <Filter>kbase</Filter>
    </ClInclude>
    <ClInclude Include="kbase\path_service.h">
      <Filter>kbase</Filter>
    </ClInclude>
    <ClInclude Include="kbase\pickle.h">
      <Filter>kbase</Filter>
    </ClInclude>
    <ClInclude Include="kbase\registry.h">
      <Filter>kbase</Filter>
    </ClInclude>
    <ClInclude Include="kbase\scope_guard.h">
      <Filter>kbase</Filter>
    </ClInclude>
    <ClInclude Include="kbase\scoped_handle.h">
      <Filter>kbase</Filter>
    </ClInclude>
    <ClInclude Include="kbase\sha.h">
      <Filter>kbase</Filter>
    </ClInclude>
    <ClInclude Include="kbase\singleton.h">
      <Filter>kbase</Filter>
    </ClInclude>
    <ClInclude Include="kbase\string_format.h">
      <Filter>kbase</Filter>
    </ClInclude>
    <ClInclude Include="kbase\string_util.h">
      <Filter>kbase</Filter>
    </ClInclude>
    <ClInclude Include="kbase\basic_macros.h">
      <Filter>kbase</Filter>
    </ClInclude>
    <ClInclude Include="kbase\signals.h">
      <Filter>kbase</Filter>
    </ClInclude>
    <ClInclude Include="kbase\stack_walker.h">
      <Filter>kbase</Filter>
    </ClInclude>
    <ClInclude Include="kbase\minidump.h">
      <Filter>kbase</Filter>
    </ClInclude>
    <ClInclude Include="kbase\path.h">
      <Filter>kbase</Filter>
    </ClInclude>
    <ClInclude Include="kbase\string_view.h">
      <Filter>kbase</Filter>
    </ClInclude>
    <ClInclude Include="kbase\tokenizer.h">
      <Filter>kbase</Filter>
    </ClInclude>
    <ClInclude Include="kbase\os_info.h">
      <Filter>kbase</Filter>
    </ClInclude>
    <ClInclude Include="kbase\string_encoding_conversions.h">
      <Filter>kbase</Filter>
    </ClInclude>
  </ItemGroup>
</Project>